
Microsoft Visual Studio Solution File, Format Version 12.00
# Visual Studio Version 17
VisualStudioVersion = 17.5.002.0
MinimumVisualStudioVersion = 10.0.40219.1
Project("{9A19103F-16F7-4668-BE54-9A1E7A4F7556}") = "23_BST_LevelOrder_Traversal", "23_BST_LevelOrder_Traversal.csproj", "{7F2633EE-F693-4F82-B85B-95F119BA6B6F}"
EndProject
Global
	GlobalSection(SolutionConfigurationPlatforms) = preSolution
		Debug|Any CPU = Debug|Any CPU
		Release|Any CPU = Release|Any CPU
	EndGlobalSection
	GlobalSection(ProjectConfigurationPlatforms) = postSolution
		{7F2633EE-F693-4F82-B85B-95F119BA6B6F}.Debug|Any CPU.ActiveCfg = Debug|Any CPU
		{7F2633EE-F693-4F82-B85B-95F119BA6B6F}.Debug|Any CPU.Build.0 = Debug|Any CPU
		{7F2633EE-F693-4F82-B85B-95F119BA6B6F}.Release|Any CPU.ActiveCfg = Release|Any CPU
		{7F2633EE-F693-4F82-B85B-95F119BA6B6F}.Release|Any CPU.Build.0 = Release|Any CPU
	EndGlobalSection
	GlobalSection(SolutionProperties) = preSolution
		HideSolutionNode = FALSE
	EndGlobalSection
	GlobalSection(ExtensibilityGlobals) = postSolution
		SolutionGuid = {45F20AC1-9D26-42C5-BB4F-3318079436B5}
	EndGlobalSection
EndGlobal
