
Microsoft Visual Studio Solution File, Format Version 12.00
# Visual Studio Version 17
VisualStudioVersion = 17.5.002.0
MinimumVisualStudioVersion = 10.0.40219.1
Project("{9A19103F-16F7-4668-BE54-9A1E7A4F7556}") = "14_scope", "14_scope.csproj", "{9D216AF8-EA35-48E5-B612-A875A18557EE}"
EndProject
Global
	GlobalSection(SolutionConfigurationPlatforms) = preSolution
		Debug|Any CPU = Debug|Any CPU
		Release|Any CPU = Release|Any CPU
	EndGlobalSection
	GlobalSection(ProjectConfigurationPlatforms) = postSolution
		{9D216AF8-EA35-48E5-B612-A875A18557EE}.Debug|Any CPU.ActiveCfg = Debug|Any CPU
		{9D216AF8-EA35-48E5-B612-A875A18557EE}.Debug|Any CPU.Build.0 = Debug|Any CPU
		{9D216AF8-EA35-48E5-B612-A875A18557EE}.Release|Any CPU.ActiveCfg = Release|Any CPU
		{9D216AF8-EA35-48E5-B612-A875A18557EE}.Release|Any CPU.Build.0 = Release|Any CPU
	EndGlobalSection
	GlobalSection(SolutionProperties) = preSolution
		HideSolutionNode = FALSE
	EndGlobalSection
	GlobalSection(ExtensibilityGlobals) = postSolution
		SolutionGuid = {2B03A429-B7C8-4189-8E0F-472242F214D8}
	EndGlobalSection
EndGlobal
