
Microsoft Visual Studio Solution File, Format Version 12.00
# Visual Studio Version 17
VisualStudioVersion = 17.5.002.0
MinimumVisualStudioVersion = 10.0.40219.1
Project("{9A19103F-16F7-4668-BE54-9A1E7A4F7556}") = "15_linked_list", "15_linked_list.csproj", "{DD98889D-EAE8-41A9-B112-FAE7B68537E9}"
EndProject
Global
	GlobalSection(SolutionConfigurationPlatforms) = preSolution
		Debug|Any CPU = Debug|Any CPU
		Release|Any CPU = Release|Any CPU
	EndGlobalSection
	GlobalSection(ProjectConfigurationPlatforms) = postSolution
		{DD98889D-EAE8-41A9-B112-FAE7B68537E9}.Debug|Any CPU.ActiveCfg = Debug|Any CPU
		{DD98889D-EAE8-41A9-B112-FAE7B68537E9}.Debug|Any CPU.Build.0 = Debug|Any CPU
		{DD98889D-EAE8-41A9-B112-FAE7B68537E9}.Release|Any CPU.ActiveCfg = Release|Any CPU
		{DD98889D-EAE8-41A9-B112-FAE7B68537E9}.Release|Any CPU.Build.0 = Release|Any CPU
	EndGlobalSection
	GlobalSection(SolutionProperties) = preSolution
		HideSolutionNode = FALSE
	EndGlobalSection
	GlobalSection(ExtensibilityGlobals) = postSolution
		SolutionGuid = {2D2B925B-95F9-4657-8580-AD21AECBE42E}
	EndGlobalSection
EndGlobal
